{
  "requires": true,
  "lockfileVersion": 1,
  "dependencies": {
    "big-integer": {
      "version": "1.6.48",
      "resolved": "https://registry.npmjs.org/big-integer/-/big-integer-1.6.48.tgz",
      "integrity": "sha512-j51egjPa7/i+RdiRuJbPdJ2FIUYYPhvYLjzoYbcMMm62ooO6F94fETG4MTs46zPAF9Brs04OajboA/qTGuz78w=="
    },
    "node-sql-parser": {
      "version": "3.0.4",
      "resolved": "https://registry.npmjs.org/node-sql-parser/-/node-sql-parser-3.0.4.tgz",
      "integrity": "sha512-ANB/paC3ZdcvrbRdiuQFsTvrmgzPozDUueTivO0Iep82h6KVRoER2h/KeZPsG0umYtCzwGY6KNhvB8xtJ6B/Rw==",
      "requires": {
        "big-integer": "^1.6.48"
      }
    }
  }
}
